
Microsoft Visual Studio Solution File, Format Version 12.00
# Visual Studio Version 17
VisualStudioVersion = 17.9.34714.143
MinimumVisualStudioVersion = 10.0.40219.1
Project("{FAE04EC0-301F-11D3-BF4B-00C04F79EFBC}") = "WinGui", "WinGui.csproj", "{4E27D5DC-9AB5-4CD1-95B5-1AF3C26FE391}"
EndProject
Global
	GlobalSection(SolutionConfigurationPlatforms) = preSolution
		Debug|Any CPU = Debug|Any CPU
		Release|Any CPU = Release|Any CPU
	EndGlobalSection
	GlobalSection(ProjectConfigurationPlatforms) = postSolution
		{4E27D5DC-9AB5-4CD1-95B5-1AF3C26FE391}.Debug|Any CPU.ActiveCfg = Debug|Any CPU
		{4E27D5DC-9AB5-4CD1-95B5-1AF3C26FE391}.Debug|Any CPU.Build.0 = Debug|Any CPU
		{4E27D5DC-9AB5-4CD1-95B5-1AF3C26FE391}.Release|Any CPU.ActiveCfg = Release|Any CPU
		{4E27D5DC-9AB5-4CD1-95B5-1AF3C26FE391}.Release|Any CPU.Build.0 = Release|Any CPU
	EndGlobalSection
	GlobalSection(SolutionProperties) = preSolution
		HideSolutionNode = FALSE
	EndGlobalSection
	GlobalSection(ExtensibilityGlobals) = postSolution
		SolutionGuid = {AD170CD8-02DF-484F-B965-B1D20D202DB4}
	EndGlobalSection
EndGlobal
